
Microsoft Visual Studio Solution File, Format Version 12.00
# Visual Studio Version 16
VisualStudioVersion = 16.0.29613.14
MinimumVisualStudioVersion = 10.0.40219.1
Project("{FAE04EC0-301F-11D3-BF4B-00C04F79EFBC}") = "WpfApp1", "WpfApp1\WpfApp1.csproj", "{8B0A74C3-C71C-4349-A8B4-9AEF1E195E15}"
EndProject
Global
	GlobalSection(SolutionConfigurationPlatforms) = preSolution
		Debug|Any CPU = Debug|Any CPU
		Release|Any CPU = Release|Any CPU
	EndGlobalSection
	GlobalSection(ProjectConfigurationPlatforms) = postSolution
		{8B0A74C3-C71C-4349-A8B4-9AEF1E195E15}.Debug|Any CPU.ActiveCfg = Debug|Any CPU
		{8B0A74C3-C71C-4349-A8B4-9AEF1E195E15}.Debug|Any CPU.Build.0 = Debug|Any CPU
		{8B0A74C3-C71C-4349-A8B4-9AEF1E195E15}.Release|Any CPU.ActiveCfg = Release|Any CPU
		{8B0A74C3-C71C-4349-A8B4-9AEF1E195E15}.Release|Any CPU.Build.0 = Release|Any CPU
	EndGlobalSection
	GlobalSection(SolutionProperties) = preSolution
		HideSolutionNode = FALSE
	EndGlobalSection
	GlobalSection(ExtensibilityGlobals) = postSolution
		SolutionGuid = {BFD39CAB-23DA-4E12-8DEE-2A6868AE64F7}
	EndGlobalSection
EndGlobal
